
Microsoft Visual Studio Solution File, Format Version 12.00
# Visual Studio Version 17
VisualStudioVersion = 17.4.33103.184
MinimumVisualStudioVersion = 10.0.40219.1
Project("{9A19103F-16F7-4668-BE54-9A1E7A4F7556}") = "Blog", "Blog\Blog.csproj", "{684E2F0B-8244-4140-8396-7C89C4C96BB9}"
EndProject
Global
	GlobalSection(SolutionConfigurationPlatforms) = preSolution
		Debug|Any CPU = Debug|Any CPU
		Release|Any CPU = Release|Any CPU
	EndGlobalSection
	GlobalSection(ProjectConfigurationPlatforms) = postSolution
		{684E2F0B-8244-4140-8396-7C89C4C96BB9}.Debug|Any CPU.ActiveCfg = Debug|Any CPU
		{684E2F0B-8244-4140-8396-7C89C4C96BB9}.Debug|Any CPU.Build.0 = Debug|Any CPU
		{684E2F0B-8244-4140-8396-7C89C4C96BB9}.Release|Any CPU.ActiveCfg = Release|Any CPU
		{684E2F0B-8244-4140-8396-7C89C4C96BB9}.Release|Any CPU.Build.0 = Release|Any CPU
	EndGlobalSection
	GlobalSection(SolutionProperties) = preSolution
		HideSolutionNode = FALSE
	EndGlobalSection
	GlobalSection(ExtensibilityGlobals) = postSolution
		SolutionGuid = {35DA2796-63D2-45D5-920F-FA884BF290D4}
	EndGlobalSection
EndGlobal
